// !$*UTF8*$!
{
	archiveVersion = 1;
	classes = {
	};
	objectVersion = 46;
	objects = {

/* Begin PBXBuildFile section */
		230370E01B996AD3003A5E46 /* AppDelegate.swift in Sources */ = {isa = PBXBuildFile; fileRef = 230370DF1B996AD3003A5E46 /* AppDelegate.swift */; };
		230370E21B996AD3003A5E46 /* ViewController.swift in Sources */ = {isa = PBXBuildFile; fileRef = 230370E11B996AD3003A5E46 /* ViewController.swift */; };
		230370E51B996AD3003A5E46 /* Main.storyboard in Resources */ = {isa = PBXBuildFile; fileRef = 230370E31B996AD3003A5E46 /* Main.storyboard */; };
		230370E71B996AD3003A5E46 /* Images.xcassets in Resources */ = {isa = PBXBuildFile; fileRef = 230370E61B996AD3003A5E46 /* Images.xcassets */; };
		230370EA1B996AD3003A5E46 /* LaunchScreen.xib in Resources */ = {isa = PBXBuildFile; fileRef = 230370E81B996AD3003A5E46 /* LaunchScreen.xib */; };
		230370F61B996AD3003A5E46 /* UberTests.swift in Sources */ = {isa = PBXBuildFile; fileRef = 230370F51B996AD3003A5E46 /* UberTests.swift */; };
		230371001B996BAD003A5E46 /* CoreLocation.framework in Frameworks */ = {isa = PBXBuildFile; fileRef = 230370FF1B996BAD003A5E46 /* CoreLocation.framework */; };
		230371021B996BBC003A5E46 /* MapKit.framework in Frameworks */ = {isa = PBXBuildFile; fileRef = 230371011B996BBC003A5E46 /* MapKit.framework */; };
/* End PBXBuildFile section */

/* Begin PBXContainerItemProxy section */
		230370F01B996AD3003A5E46 /* PBXContainerItemProxy */ = {
			isa = PBXContainerItemProxy;
			containerPortal = 230370D21B996AD3003A5E46 /* Project object */;
			proxyType = 1;
			remoteGlobalIDString = 230370D91B996AD3003A5E46;
			remoteInfo = Uber;
		};
/* End PBXContainerItemProxy section */

/* Begin PBXFileReference section */
		230370DA1B996AD3003A5E46 /* Uber.app */ = {isa = PBXFileReference; explicitFileType = wrapper.application; includeInIndex = 0; path = Uber.app; sourceTree = BUILT_PRODUCTS_DIR; };
		230370DE1B996AD3003A5E46 /* Info.plist */ = {isa = PBXFileReference; lastKnownFileType = text.plist.xml; path = Info.plist; sourceTree = "<group>"; };
		230370DF1B996AD3003A5E46 /* AppDelegate.swift */ = {isa = PBXFileReference; lastKnownFileType = sourcecode.swift; path = AppDelegate.swift; sourceTree = "<group>"; };
		230370E11B996AD3003A5E46 /* ViewController.swift */ = {isa = PBXFileReference; lastKnownFileType = sourcecode.swift; path = ViewController.swift; sourceTree = "<group>"; };
		230370E41B996AD3003A5E46 /* Base */ = {isa = PBXFileReference; lastKnownFileType = file.storyboard; name = Base; path = Base.lproj/Main.storyboard; sourceTree = "<group>"; };
		230370E61B996AD3003A5E46 /* Images.xcassets */ = {isa = PBXFileReference; lastKnownFileType = folder.assetcatalog; path = Images.xcassets; sourceTree = "<group>"; };
		230370E91B996AD3003A5E46 /* Base */ = {isa = PBXFileReference; lastKnownFileType = file.xib; name = Base; path = Base.lproj/LaunchScreen.xib; sourceTree = "<group>"; };
		230370EF1B996AD3003A5E46 /* UberTests.xctest */ = {isa = PBXFileReference; explicitFileType = wrapper.cfbundle; includeInIndex = 0; path = UberTests.xctest; sourceTree = BUILT_PRODUCTS_DIR; };
		230370F41B996AD3003A5E46 /* Info.plist */ = {isa = PBXFileReference; lastKnownFileType = text.plist.xml; path = Info.plist; sourceTree = "<group>"; };
		230370F51B996AD3003A5E46 /* UberTests.swift */ = {isa = PBXFileReference; lastKnownFileType = sourcecode.swift; path = UberTests.swift; sourceTree = "<group>"; };
		230370FF1B996BAD003A5E46 /* CoreLocation.framework */ = {isa = PBXFileReference; lastKnownFileType = wrapper.framework; name = CoreLocation.framework; path = System/Library/Frameworks/CoreLocation.framework; sourceTree = SDKROOT; };
		230371011B996BBC003A5E46 /* MapKit.framework */ = {isa = PBXFileReference; lastKnownFileType = wrapper.framework; name = MapKit.framework; path = System/Library/Frameworks/MapKit.framework; sourceTree = SDKROOT; };
/* End PBXFileReference section */

/* Begin PBXFrameworksBuildPhase section */
		230370D71B996AD3003A5E46 /* Frameworks */ = {
			isa = PBXFrameworksBuildPhase;
			buildActionMask = 2147483647;
			files = (
				230371021B996BBC003A5E46 /* MapKit.framework in Frameworks */,
				230371001B996BAD003A5E46 /* CoreLocation.framework in Frameworks */,
			);
			runOnlyForDeploymentPostprocessing = 0;
		};
		230370EC1B996AD3003A5E46 /* Frameworks */ = {
			isa = PBXFrameworksBuildPhase;
			buildActionMask = 2147483647;
			files = (
			);
			runOnlyForDeploymentPostprocessing = 0;
		};
/* End PBXFrameworksBuildPhase section */

/* Begin PBXGroup section */
		230370D11B996AD3003A5E46 = {
			isa = PBXGroup;
			children = (
				230371011B996BBC003A5E46 /* MapKit.framework */,
				230370FF1B996BAD003A5E46 /* CoreLocation.framework */,
				230370DC1B996AD3003A5E46 /* Uber */,
				230370F21B996AD3003A5E46 /* UberTests */,
				230370DB1B996AD3003A5E46 /* Products */,
			);
			sourceTree = "<group>";
		};
		230370DB1B996AD3003A5E46 /* Products */ = {
			isa = PBXGroup;
			children = (
				230370DA1B996AD3003A5E46 /* Uber.app */,
				230370EF1B996AD3003A5E46 /* UberTests.xctest */,
			);
			name = Products;
			sourceTree = "<group>";
		};
		230370DC1B996AD3003A5E46 /* Uber */ = {
			isa = PBXGroup;
			children = (
				230370DF1B996AD3003A5E46 /* AppDelegate.swift */,
				230370E11B996AD3003A5E46 /* ViewController.swift */,
				230370E31B996AD3003A5E46 /* Main.storyboard */,
				230370E61B996AD3003A5E46 /* Images.xcassets */,
				230370E81B996AD3003A5E46 /* LaunchScreen.xib */,
				230370DD1B996AD3003A5E46 /* Supporting Files */,
			);
			path = Uber;
			sourceTree = "<group>";
		};
		230370DD1B996AD3003A5E46 /* Supporting Files */ = {
			isa = PBXGroup;
			children = (
				230370DE1B996AD3003A5E46 /* Info.plist */,
			);
			name = "Supporting Files";
			sourceTree = "<group>";
		};
		230370F21B996AD3003A5E46 /* UberTests */ = {
			isa = PBXGroup;
			children = (
				230370F51B996AD3003A5E46 /* UberTests.swift */,
				230370F31B996AD3003A5E46 /* Supporting Files */,
			);
			path = UberTests;
			sourceTree = "<group>";
		};
		230370F31B996AD3003A5E46 /* Supporting Files */ = {
			isa = PBXGroup;
			children = (
				230370F41B996AD3003A5E46 /* Info.plist */,
			);
			name = "Supporting Files";
			sourceTree = "<group>";
		};
/* End PBXGroup section */

/* Begin PBXNativeTarget section */
		230370D91B996AD3003A5E46 /* Uber */ = {
			isa = PBXNativeTarget;
			buildConfigurationList = 230370F91B996AD3003A5E46 /* Build configuration list for PBXNativeTarget "Uber" */;
			buildPhases = (
				230370D61B996AD3003A5E46 /* Sources */,
				230370D71B996AD3003A5E46 /* Frameworks */,
				230370D81B996AD3003A5E46 /* Resources */,
			);
			buildRules = (
			);
			dependencies = (
			);
			name = Uber;
			productName = Uber;
			productReference = 230370DA1B996AD3003A5E46 /* Uber.app */;
			productType = "com.apple.product-type.application";
		};
		230370EE1B996AD3003A5E46 /* UberTests */ = {
			isa = PBXNativeTarget;
			buildConfigurationList = 230370FC1B996AD3003A5E46 /* Build configuration list for PBXNativeTarget "UberTests" */;
			buildPhases = (
				230370EB1B996AD3003A5E46 /* Sources */,
				230370EC1B996AD3003A5E46 /* Frameworks */,
				230370ED1B996AD3003A5E46 /* Resources */,
			);
			buildRules = (
			);
			dependencies = (
				230370F11B996AD3003A5E46 /* PBXTargetDependency */,
			);
			name = UberTests;
			productName = UberTests;
			productReference = 230370EF1B996AD3003A5E46 /* UberTests.xctest */;
			productType = "com.apple.product-type.bundle.unit-test";
		};
/* End PBXNativeTarget section */

/* Begin PBXProject section */
		230370D21B996AD3003A5E46 /* Project object */ = {
			isa = PBXProject;
			attributes = {
				LastUpgradeCheck = 0640;
				ORGANIZATIONNAME = bhag;
				TargetAttributes = {
					230370D91B996AD3003A5E46 = {
						CreatedOnToolsVersion = 6.4;
					};
					230370EE1B996AD3003A5E46 = {
						CreatedOnToolsVersion = 6.4;
						TestTargetID = 230370D91B996AD3003A5E46;
					};
				};
			};
			buildConfigurationList = 230370D51B996AD3003A5E46 /* Build configuration list for PBXProject "Uber" */;
			compatibilityVersion = "Xcode 3.2";
			developmentRegion = English;
			hasScannedForEncodings = 0;
			knownRegions = (
				en,
				Base,
			);
			mainGroup = 230370D11B996AD3003A5E46;
			productRefGroup = 230370DB1B996AD3003A5E46 /* Products */;
			projectDirPath = "";
			projectRoot = "";
			targets = (
				230370D91B996AD3003A5E46 /* Uber */,
				230370EE1B996AD3003A5E46 /* UberTests */,
			);
		};
/* End PBXProject section */

/* Begin PBXResourcesBuildPhase section */
		230370D81B996AD3003A5E46 /* Resources */ = {
			isa = PBXResourcesBuildPhase;
			buildActionMask = 2147483647;
			files = (
				230370E51B996AD3003A5E46 /* Main.storyboard in Resources */,
				230370EA1B996AD3003A5E46 /* LaunchScreen.xib in Resources */,
				230370E71B996AD3003A5E46 /* Images.xcassets in Resources */,
			);
			runOnlyForDeploymentPostprocessing = 0;
		};
		230370ED1B996AD3003A5E46 /* Resources */ = {
			isa = PBXResourcesBuildPhase;
			buildActionMask = 2147483647;
			files = (
			);
			runOnlyForDeploymentPostprocessing = 0;
		};
/* End PBXResourcesBuildPhase section */

/* Begin PBXSourcesBuildPhase section */
		230370D61B996AD3003A5E46 /* Sources */ = {
			isa = PBXSourcesBuildPhase;
			buildActionMask = 2147483647;
			files = (
				230370E21B996AD3003A5E46 /* ViewController.swift in Sources */,
				230370E01B996AD3003A5E46 /* AppDelegate.swift in Sources */,
			);
			runOnlyForDeploymentPostprocessing = 0;
		};
		230370EB1B996AD3003A5E46 /* Sources */ = {
			isa = PBXSourcesBuildPhase;
			buildActionMask = 2147483647;
			files = (
				230370F61B996AD3003A5E46 /* UberTests.swift in Sources */,
			);
			runOnlyForDeploymentPostprocessing = 0;
		};
/* End PBXSourcesBuildPhase section */

/* Begin PBXTargetDependency section */
		230370F11B996AD3003A5E46 /* PBXTargetDependency */ = {
			isa = PBXTargetDependency;
			target = 230370D91B996AD3003A5E46 /* Uber */;
			targetProxy = 230370F01B996AD3003A5E46 /* PBXContainerItemProxy */;
		};
/* End PBXTargetDependency section */

/* Begin PBXVariantGroup section */
		230370E31B996AD3003A5E46 /* Main.storyboard */ = {
			isa = PBXVariantGroup;
			children = (
				230370E41B996AD3003A5E46 /* Base */,
			);
			name = Main.storyboard;
			sourceTree = "<group>";
		};
		230370E81B996AD3003A5E46 /* LaunchScreen.xib */ = {
			isa = PBXVariantGroup;
			children = (
				230370E91B996AD3003A5E46 /* Base */,
			);
			name = LaunchScreen.xib;
			sourceTree = "<group>";
		};
/* End PBXVariantGroup section */

/* Begin XCBuildConfiguration section */
		230370F71B996AD3003A5E46 /* Debug */ = {
			isa = XCBuildConfiguration;
			buildSettings = {
				ALWAYS_SEARCH_USER_PATHS = NO;
				CLANG_CXX_LANGUAGE_STANDARD = "gnu++0x";
				CLANG_CXX_LIBRARY = "libc++";
				CLANG_ENABLE_MODULES = YES;
				CLANG_ENABLE_OBJC_ARC = YES;
				CLANG_WARN_BOOL_CONVERSION = YES;
				CLANG_WARN_CONSTANT_CONVERSION = YES;
				CLANG_WARN_DIRECT_OBJC_ISA_USAGE = YES_ERROR;
				CLANG_WARN_EMPTY_BODY = YES;
				CLANG_WARN_ENUM_CONVERSION = YES;
				CLANG_WARN_INT_CONVERSION = YES;
				CLANG_WARN_OBJC_ROOT_CLASS = YES_ERROR;
				CLANG_WARN_UNREACHABLE_CODE = YES;
				CLANG_WARN__DUPLICATE_METHOD_MATCH = YES;
				"CODE_SIGN_IDENTITY[sdk=iphoneos*]" = "iPhone Developer";
				COPY_PHASE_STRIP = NO;
				DEBUG_INFORMATION_FORMAT = "dwarf-with-dsym";
				ENABLE_STRICT_OBJC_MSGSEND = YES;
				GCC_C_LANGUAGE_STANDARD = gnu99;
				GCC_DYNAMIC_NO_PIC = NO;
				GCC_NO_COMMON_BLOCKS = YES;
				GCC_OPTIMIZATION_LEVEL = 0;
				GCC_PREPROCESSOR_DEFINITIONS = (
					"DEBUG=1",
					"$(inherited)",
				);
				GCC_SYMBOLS_PRIVATE_EXTERN = NO;
				GCC_WARN_64_TO_32_BIT_CONVERSION = YES;
				GCC_WARN_ABOUT_RETURN_TYPE = YES_ERROR;
				GCC_WARN_UNDECLARED_SELECTOR = YES;
				GCC_WARN_UNINITIALIZED_AUTOS = YES_AGGRESSIVE;
				GCC_WARN_UNUSED_FUNCTION = YES;
				GCC_WARN_UNUSED_VARIABLE = YES;
				IPHONEOS_DEPLOYMENT_TARGET = 8.4;
				MTL_ENABLE_DEBUG_INFO = YES;
				ONLY_ACTIVE_ARCH = YES;
				SDKROOT = iphoneos;
				SWIFT_OPTIMIZATION_LEVEL = "-Onone";
			};
			name = Debug;
		};
		230370F81B996AD3003A5E46 /* Release */ = {
			isa = XCBuildConfiguration;
			buildSettings = {
				ALWAYS_SEARCH_USER_PATHS = NO;
				CLANG_CXX_LANGUAGE_STANDARD = "gnu++0x";
				CLANG_CXX_LIBRARY = "libc++";
				CLANG_ENABLE_MODULES = YES;
				CLANG_ENABLE_OBJC_ARC = YES;
				CLANG_WARN_BOOL_CONVERSION = YES;
				CLANG_WARN_CONSTANT_CONVERSION = YES;
				CLANG_WARN_DIRECT_OBJC_ISA_USAGE = YES_ERROR;
				CLANG_WARN_EMPTY_BODY = YES;
				CLANG_WARN_ENUM_CONVERSION = YES;
				CLANG_WARN_INT_CONVERSION = YES;
				CLANG_WARN_OBJC_ROOT_CLASS = YES_ERROR;
				CLANG_WARN_UNREACHABLE_CODE = YES;
				CLANG_WARN__DUPLICATE_METHOD_MATCH = YES;
				"CODE_SIGN_IDENTITY[sdk=iphoneos*]" = "iPhone Developer";
				COPY_PHASE_STRIP = NO;
				DEBUG_INFORMATION_FORMAT = "dwarf-with-dsym";
				ENABLE_NS_ASSERTIONS = NO;
				ENABLE_STRICT_OBJC_MSGSEND = YES;
				GCC_C_LANGUAGE_STANDARD = gnu99;
				GCC_NO_COMMON_BLOCKS = YES;
				GCC_WARN_64_TO_32_BIT_CONVERSION = YES;
				GCC_WARN_ABOUT_RETURN_TYPE = YES_ERROR;
				GCC_WARN_UNDECLARED_SELECTOR = YES;
				GCC_WARN_UNINITIALIZED_AUTOS = YES_AGGRESSIVE;
				GCC_WARN_UNUSED_FUNCTION = YES;
				GCC_WARN_UNUSED_VARIABLE = YES;
				IPHONEOS_DEPLOYMENT_TARGET = 8.4;
				MTL_ENABLE_DEBUG_INFO = NO;
				SDKROOT = iphoneos;
				VALIDATE_PRODUCT = YES;
			};
			name = Release;
		};
		230370FA1B996AD3003A5E46 /* Debug */ = {
			isa = XCBuildConfiguration;
			buildSettings = {
				ASSETCATALOG_COMPILER_APPICON_NAME = AppIcon;
				INFOPLIST_FILE = Uber/Info.plist;
				LD_RUNPATH_SEARCH_PATHS = "$(inherited) @executable_path/Frameworks";
				PRODUCT_NAME = "$(TARGET_NAME)";
			};
			name = Debug;
		};
		230370FB1B996AD3003A5E46 /* Release */ = {
			isa = XCBuildConfiguration;
			buildSettings = {
				ASSETCATALOG_COMPILER_APPICON_NAME = AppIcon;
				INFOPLIST_FILE = Uber/Info.plist;
				LD_RUNPATH_SEARCH_PATHS = "$(inherited) @executable_path/Frameworks";
				PRODUCT_NAME = "$(TARGET_NAME)";
			};
			name = Release;
		};
		230370FD1B996AD3003A5E46 /* Debug */ = {
			isa = XCBuildConfiguration;
			buildSettings = {
				BUNDLE_LOADER = "$(TEST_HOST)";
				FRAMEWORK_SEARCH_PATHS = (
					"$(SDKROOT)/Developer/Library/Frameworks",
					"$(inherited)",
				);
				GCC_PREPROCESSOR_DEFINITIONS = (
					"DEBUG=1",
					"$(inherited)",
				);
				INFOPLIST_FILE = UberTests/Info.plist;
				LD_RUNPATH_SEARCH_PATHS = "$(inherited) @executable_path/Frameworks @loader_path/Frameworks";
				PRODUCT_NAME = "$(TARGET_NAME)";
				TEST_HOST = "$(BUILT_PRODUCTS_DIR)/Uber.app/Uber";
			};
			name = Debug;
		};
		230370FE1B996AD3003A5E46 /* Release */ = {
			isa = XCBuildConfiguration;
			buildSettings = {
				BUNDLE_LOADER = "$(TEST_HOST)";
				FRAMEWORK_SEARCH_PATHS = (
					"$(SDKROOT)/Developer/Library/Frameworks",
					"$(inherited)",
				);
				INFOPLIST_FILE = UberTests/Info.plist;
				LD_RUNPATH_SEARCH_PATHS = "$(inherited) @executable_path/Frameworks @loader_path/Frameworks";
				PRODUCT_NAME = "$(TARGET_NAME)";
				TEST_HOST = "$(BUILT_PRODUCTS_DIR)/Uber.app/Uber";
			};
			name = Release;
		};
/* End XCBuildConfiguration section */

/* Begin XCConfigurationList section */
		230370D51B996AD3003A5E46 /* Build configuration list for PBXProject "Uber" */ = {
			isa = XCConfigurationList;
			buildConfigurations = (
				230370F71B996AD3003A5E46 /* Debug */,
				230370F81B996AD3003A5E46 /* Release */,
			);
			defaultConfigurationIsVisible = 0;
			defaultConfigurationName = Release;
		};
		230370F91B996AD3003A5E46 /* Build configuration list for PBXNativeTarget "Uber" */ = {
			isa = XCConfigurationList;
			buildConfigurations = (
				230370FA1B996AD3003A5E46 /* Debug */,
				230370FB1B996AD3003A5E46 /* Release */,
			);
			defaultConfigurationIsVisible = 0;
		};
		230370FC1B996AD3003A5E46 /* Build configuration list for PBXNativeTarget "UberTests" */ = {
			isa = XCConfigurationList;
			buildConfigurations = (
				230370FD1B996AD3003A5E46 /* Debug */,
				230370FE1B996AD3003A5E46 /* Release */,
			);
			defaultConfigurationIsVisible = 0;
		};
/* End XCConfigurationList section */
	};
	rootObject = 230370D21B996AD3003A5E46 /* Project object */;
}
